
Microsoft Visual Studio Solution File, Format Version 12.00
# Visual Studio Version 16
VisualStudioVersion = 16.0.29424.173
MinimumVisualStudioVersion = 10.0.40219.1
Project("{FAE04EC0-301F-11D3-BF4B-00C04F79EFBC}") = "20202c-Clase2-Intro-a-CSharp-MVC", "20202c-Clase2-Intro-a-CSharp-MVC\20202c-Clase2-Intro-a-CSharp-MVC.csproj", "{5F799CC8-86D3-470B-A916-FAAAEADDF7FE}"
EndProject
Project("{FAE04EC0-301F-11D3-BF4B-00C04F79EFBC}") = "20202c-Clase2-Intro-a-CSharp-MVC.Ejercicios", "20202c-Clase2-Intro-a-CSharp-MVC.Ejercicios\20202c-Clase2-Intro-a-CSharp-MVC.Ejercicios.csproj", "{CE63A6D5-BD26-4D57-95EE-2DA15A0F57F9}"
EndProject
Global
	GlobalSection(SolutionConfigurationPlatforms) = preSolution
		Debug|Any CPU = Debug|Any CPU
		Release|Any CPU = Release|Any CPU
	EndGlobalSection
	GlobalSection(ProjectConfigurationPlatforms) = postSolution
		{5F799CC8-86D3-470B-A916-FAAAEADDF7FE}.Debug|Any CPU.ActiveCfg = Debug|Any CPU
		{5F799CC8-86D3-470B-A916-FAAAEADDF7FE}.Debug|Any CPU.Build.0 = Debug|Any CPU
		{5F799CC8-86D3-470B-A916-FAAAEADDF7FE}.Release|Any CPU.ActiveCfg = Release|Any CPU
		{5F799CC8-86D3-470B-A916-FAAAEADDF7FE}.Release|Any CPU.Build.0 = Release|Any CPU
		{CE63A6D5-BD26-4D57-95EE-2DA15A0F57F9}.Debug|Any CPU.ActiveCfg = Debug|Any CPU
		{CE63A6D5-BD26-4D57-95EE-2DA15A0F57F9}.Debug|Any CPU.Build.0 = Debug|Any CPU
		{CE63A6D5-BD26-4D57-95EE-2DA15A0F57F9}.Release|Any CPU.ActiveCfg = Release|Any CPU
		{CE63A6D5-BD26-4D57-95EE-2DA15A0F57F9}.Release|Any CPU.Build.0 = Release|Any CPU
	EndGlobalSection
	GlobalSection(SolutionProperties) = preSolution
		HideSolutionNode = FALSE
	EndGlobalSection
	GlobalSection(ExtensibilityGlobals) = postSolution
		SolutionGuid = {272C9C60-B8D0-4984-96FC-D51803F582D5}
	EndGlobalSection
EndGlobal
